# This file is @generated by PDM.
# It is not intended for manual editing.

[[package]]
name = "anyio"
version = "3.6.2"
requires_python = ">=3.6.2"
summary = "High level compatibility layer for multiple asynchronous event loop implementations"
dependencies = [
    "idna>=2.8",
    "sniffio>=1.1",
]

[[package]]
name = "idna"
version = "3.4"
requires_python = ">=3.5"
summary = "Internationalized Domain Names in Applications (IDNA)"

[[package]]
name = "psutil"
version = "5.9.5"
requires_python = ">=2.7, !=3.0.*, !=3.1.*, !=3.2.*, !=3.3.*"
summary = "Cross-platform lib for process and system monitoring in Python."

[[package]]
name = "sniffio"
version = "1.3.0"
requires_python = ">=3.7"
summary = "Sniff out which async library your code is running under"

[[package]]
name = "typing-extensions"
version = "4.6.3"
requires_python = ">=3.7"
summary = "Backported and Experimental Type Hints for Python 3.7+"

[[package]]
name = "watchfiles"
version = "0.19.0"
requires_python = ">=3.7"
summary = "Simple, modern and high performance file watching and code reload in python."
dependencies = [
    "anyio>=3.0.0",
]

[metadata]
lock_version = "4.2"
cross_platform = true
groups = ["default"]
content_hash = "sha256:140dab3f6aca00719dda1ce79e02619d3caffb83a501052cc29e27896cfe096a"

[metadata.files]
"anyio 3.6.2" = [
    {url = "https://files.pythonhosted.org/packages/77/2b/b4c0b7a3f3d61adb1a1e0b78f90a94e2b6162a043880704b7437ef297cad/anyio-3.6.2-py3-none-any.whl", hash = "sha256:fbbe32bd270d2a2ef3ed1c5d45041250284e31fc0a4df4a5a6071842051a51e3"},
    {url = "https://files.pythonhosted.org/packages/8b/94/6928d4345f2bc1beecbff03325cad43d320717f51ab74ab5a571324f4f5a/anyio-3.6.2.tar.gz", hash = "sha256:25ea0d673ae30af41a0c442f81cf3b38c7e79fdc7b60335a4c14e05eb0947421"},
]
"idna 3.4" = [
    {url = "https://files.pythonhosted.org/packages/8b/e1/43beb3d38dba6cb420cefa297822eac205a277ab43e5ba5d5c46faf96438/idna-3.4.tar.gz", hash = "sha256:814f528e8dead7d329833b91c5faa87d60bf71824cd12a7530b5526063d02cb4"},
    {url = "https://files.pythonhosted.org/packages/fc/34/3030de6f1370931b9dbb4dad48f6ab1015ab1d32447850b9fc94e60097be/idna-3.4-py3-none-any.whl", hash = "sha256:90b77e79eaa3eba6de819a0c442c0b4ceefc341a7a2ab77d7562bf49f425c5c2"},
]
"psutil 5.9.5" = [
    {url = "https://files.pythonhosted.org/packages/26/f2/dcd8a3cc9c9b1fcd7576a54e3603ce4d1f85672f2687a44050340f7d47b0/psutil-5.9.5-cp27-none-win_amd64.whl", hash = "sha256:8c5f7c5a052d1d567db4ddd231a9d27a74e8e4a9c3f44b1032762bd7b9fdcd42"},
    {url = "https://files.pythonhosted.org/packages/3b/e4/fee119c206545fd37be1e5fa4eeb0c729a52ec2ade4f728ae1fd1acb2a3a/psutil-5.9.5-cp27-cp27m-macosx_10_9_x86_64.whl", hash = "sha256:be8929ce4313f9f8146caad4272f6abb8bf99fc6cf59344a3167ecd74f4f203f"},
    {url = "https://files.pythonhosted.org/packages/5f/da/de9d2342db0b7a96863ef84ab94ef1022eec78ece05aac253cddc494e1a7/psutil-5.9.5-cp27-cp27mu-manylinux2010_x86_64.whl", hash = "sha256:acf2aef9391710afded549ff602b5887d7a2349831ae4c26be7c807c0a39fac4"},
    {url = "https://files.pythonhosted.org/packages/86/f3/23e4e4e7ec7855d506ed928756b04735c246b14d9f778ed7ffaae18d8043/psutil-5.9.5-cp36-abi3-win_amd64.whl", hash = "sha256:b258c0c1c9d145a1d5ceffab1134441c4c5113b2417fafff7315a917a026c3c9"},
    {url = "https://files.pythonhosted.org/packages/89/fa/ab117fa86195050802207639f5daee857791daaabe9a996935b5b77dbe10/psutil-5.9.5-cp27-cp27m-manylinux2010_x86_64.whl", hash = "sha256:4aef137f3345082a3d3232187aeb4ac4ef959ba3d7c10c33dd73763fbc063da4"},
    {url = "https://files.pythonhosted.org/packages/8d/24/ed6b6506f187def39887a91a68e58336eff4cf3e3d5a163ded58bee98624/psutil-5.9.5-cp27-cp27m-manylinux2010_i686.whl", hash = "sha256:ab8ed1a1d77c95453db1ae00a3f9c50227ebd955437bcf2a574ba8adbf6a74d5"},
    {url = "https://files.pythonhosted.org/packages/99/f5/ec768e107445f18baa907509aaa0562a4d148a602bd97e8114d79bd6c84d/psutil-5.9.5-cp27-cp27mu-manylinux2010_i686.whl", hash = "sha256:ea8518d152174e1249c4f2a1c89e3e6065941df2fa13a1ab45327716a23c2b48"},
    {url = "https://files.pythonhosted.org/packages/9a/76/c0195c3443a725c24b3a479f57636dec89efe53d19d435d1752c5188f7de/psutil-5.9.5-cp36-abi3-macosx_10_9_x86_64.whl", hash = "sha256:3c6f686f4225553615612f6d9bc21f1c0e305f75d7d8454f9b46e901778e7217"},
    {url = "https://files.pythonhosted.org/packages/af/4d/389441079ecef400e2551a3933224885a7bde6b8a4810091d628cdd75afe/psutil-5.9.5-cp36-abi3-manylinux_2_12_x86_64.manylinux2010_x86_64.manylinux_2_17_x86_64.manylinux2014_x86_64.whl", hash = "sha256:89518112647f1276b03ca97b65cc7f64ca587b1eb0278383017c2a0dcc26cbe4"},
    {url = "https://files.pythonhosted.org/packages/cf/e3/6af6ec0cbe72f63e9a16d8b53590489e40ed0ff0c99b6a6f05d6af3bb80e/psutil-5.9.5-cp27-none-win32.whl", hash = "sha256:5b9b8cb93f507e8dbaf22af6a2fd0ccbe8244bf30b1baad6b3954e935157ae3f"},
    {url = "https://files.pythonhosted.org/packages/d6/0f/96b7309212a926c1448366e9ce69b081ea79d63265bde33f11cc9cfc2c07/psutil-5.9.5.tar.gz", hash = "sha256:5410638e4df39c54d957fc51ce03048acd8e6d60abc0f5107af51e5fb566eb3c"},
    {url = "https://files.pythonhosted.org/packages/e5/2e/56db2b45508ad484b3f22888b3e1adaaf09b8766eaa058ed0e4486c1abae/psutil-5.9.5-cp36-abi3-manylinux_2_12_i686.manylinux2010_i686.manylinux_2_17_i686.manylinux2014_i686.whl", hash = "sha256:7a7dd9997128a0d928ed4fb2c2d57e5102bb6089027939f3b722f3a210f9a8da"},
    {url = "https://files.pythonhosted.org/packages/ed/98/2624954f83489ab13fde2b544baa337d5578c07eee304d320d9ba56e1b1f/psutil-5.9.5-cp38-abi3-macosx_11_0_arm64.whl", hash = "sha256:c607bb3b57dc779d55e1554846352b4e358c10fff3abf3514a7a6601beebdb30"},
    {url = "https://files.pythonhosted.org/packages/fa/e0/e91277b1cabf5c3f2995c22314553f1be68b17444260101f365c5a5b6ba1/psutil-5.9.5-cp36-abi3-win32.whl", hash = "sha256:104a5cc0e31baa2bcf67900be36acde157756b9c44017b86b2c049f11957887d"},
]
"sniffio 1.3.0" = [
    {url = "https://files.pythonhosted.org/packages/c3/a0/5dba8ed157b0136607c7f2151db695885606968d1fae123dc3391e0cfdbf/sniffio-1.3.0-py3-none-any.whl", hash = "sha256:eecefdce1e5bbfb7ad2eeaabf7c1eeb404d7757c379bd1f7e5cce9d8bf425384"},
    {url = "https://files.pythonhosted.org/packages/cd/50/d49c388cae4ec10e8109b1b833fd265511840706808576df3ada99ecb0ac/sniffio-1.3.0.tar.gz", hash = "sha256:e60305c5e5d314f5389259b7f22aaa33d8f7dee49763119234af3755c55b9101"},
]
"typing-extensions 4.6.3" = [
    {url = "https://files.pythonhosted.org/packages/42/56/cfaa7a5281734dadc842f3a22e50447c675a1c5a5b9f6ad8a07b467bffe7/typing_extensions-4.6.3.tar.gz", hash = "sha256:d91d5919357fe7f681a9f2b5b4cb2a5f1ef0a1e9f59c4d8ff0d3491e05c0ffd5"},
    {url = "https://files.pythonhosted.org/packages/5f/86/d9b1518d8e75b346a33eb59fa31bdbbee11459a7e2cc5be502fa779e96c5/typing_extensions-4.6.3-py3-none-any.whl", hash = "sha256:88a4153d8505aabbb4e13aacb7c486c2b4a33ca3b3f807914a9b4c844c471c26"},
]
"watchfiles 0.19.0" = [
    {url = "https://files.pythonhosted.org/packages/09/82/a9e1b9741cefa592dcd85f8ebdf739a24c6572b5ab58ce65589f340b3cff/watchfiles-0.19.0-cp37-abi3-manylinux_2_12_i686.manylinux2010_i686.whl", hash = "sha256:18b28f6ad871b82df9542ff958d0c86bb0d8310bb09eb8e87d97318a3b5273af"},
    {url = "https://files.pythonhosted.org/packages/1e/68/86742189038396f0b8df17556690c5fdb350e74c2b947782a165c6f69acb/watchfiles-0.19.0-pp38-pypy38_pp73-macosx_10_7_x86_64.whl", hash = "sha256:cae3dde0b4b2078f31527acff6f486e23abed307ba4d3932466ba7cdd5ecec79"},
    {url = "https://files.pythonhosted.org/packages/29/8a/6293b04bcb667e43808921cc8794f6231aa4ea819d0cdb659b3e3cf862f1/watchfiles-0.19.0-cp37-abi3-win_arm64.whl", hash = "sha256:0089c6dc24d436b373c3c57657bf4f9a453b13767150d17284fc6162b2791911"},
    {url = "https://files.pythonhosted.org/packages/2f/7f/0fb6699188e4a553e10e94a479fe4280a17d29f3a8b8b8f11d6291a82006/watchfiles-0.19.0-cp37-abi3-macosx_10_7_x86_64.whl", hash = "sha256:91633e64712df3051ca454ca7d1b976baf842d7a3640b87622b323c55f3345e7"},
    {url = "https://files.pythonhosted.org/packages/47/6a/de51bae85bcbf17dc9389589162c8996ed72bf6e97b81c8c6d60666e4768/watchfiles-0.19.0-cp37-abi3-musllinux_1_1_aarch64.whl", hash = "sha256:79c533ff593db861ae23436541f481ec896ee3da4e5db8962429b441bbaae16e"},
    {url = "https://files.pythonhosted.org/packages/50/0e/026461f88bf5dafd9bfee6fcf7fe2deddece9d3e0c86d4b7986b0e7c5df3/watchfiles-0.19.0-pp38-pypy38_pp73-manylinux_2_17_aarch64.manylinux2014_aarch64.whl", hash = "sha256:9afd0d69429172c796164fd7fe8e821ade9be983f51c659a38da3faaaaac44dc"},
    {url = "https://files.pythonhosted.org/packages/64/22/88e5143e4397bf30cde669b78fb2a2fcdbaaa0e8b5fea5ae402d2e5a7bc2/watchfiles-0.19.0-pp38-pypy38_pp73-macosx_11_0_arm64.whl", hash = "sha256:7f3920b1285a7d3ce898e303d84791b7bf40d57b7695ad549dc04e6a44c9f120"},
    {url = "https://files.pythonhosted.org/packages/66/1c/5b14d4be9f02a96c2f06b92d9bc3335ced1f4e1c7ea6e522fa4c9a517f28/watchfiles-0.19.0-cp37-abi3-musllinux_1_1_x86_64.whl", hash = "sha256:3d7d267d27aceeeaa3de0dd161a0d64f0a282264d592e335fff7958cc0cbae7c"},
    {url = "https://files.pythonhosted.org/packages/79/65/08d06f63c2d983c733e225b9cd2ba9f36b7ccb1095854b66d0010ca36013/watchfiles-0.19.0-cp37-abi3-manylinux_2_17_ppc64le.manylinux2014_ppc64le.whl", hash = "sha256:c0376deac92377817e4fb8f347bf559b7d44ff556d9bc6f6208dd3f79f104aaf"},
    {url = "https://files.pythonhosted.org/packages/8a/1c/6869ad3639b23b3a88ba5a61aacffaf425666e416cd4e0d8b6b47e666a68/watchfiles-0.19.0-pp39-pypy39_pp73-manylinux_2_17_aarch64.manylinux2014_aarch64.whl", hash = "sha256:b538014a87f94d92f98f34d3e6d2635478e6be6423a9ea53e4dd96210065e193"},
    {url = "https://files.pythonhosted.org/packages/8e/e1/85f1454e0c6335e32d1bd900237d34f76db2b261a515bc47188d8e3eea65/watchfiles-0.19.0-cp37-abi3-macosx_11_0_arm64.whl", hash = "sha256:b6577b8c6c8701ba8642ea9335a129836347894b666dd1ec2226830e263909d3"},
    {url = "https://files.pythonhosted.org/packages/92/e5/a77ee68cbeedf342f317214a5b48f4c191d021b57836ef3b2c39bcbb516c/watchfiles-0.19.0-cp37-abi3-manylinux_2_17_aarch64.manylinux2014_aarch64.whl", hash = "sha256:fac19dc9cbc34052394dbe81e149411a62e71999c0a19e1e09ce537867f95ae0"},
    {url = "https://files.pythonhosted.org/packages/9b/51/104178107563657a7fe5c5d3a0426fa5f61f837698bc349bc93761ce07a5/watchfiles-0.19.0-pp38-pypy38_pp73-manylinux_2_17_x86_64.manylinux2014_x86_64.whl", hash = "sha256:68dce92b29575dda0f8d30c11742a8e2b9b8ec768ae414b54f7453f27bdf9545"},
    {url = "https://files.pythonhosted.org/packages/9d/d1/708fc7475e33990792262f23d054692da98b4b8c847772ca12d868d55ac5/watchfiles-0.19.0-pp39-pypy39_pp73-macosx_10_7_x86_64.whl", hash = "sha256:5569fc7f967429d4bc87e355cdfdcee6aabe4b620801e2cf5805ea245c06097c"},
    {url = "https://files.pythonhosted.org/packages/aa/3b/c648597eb3611c4b72eda09aa9069773f6b4459bd7142cf200dcd34acfcf/watchfiles-0.19.0-cp37-abi3-manylinux_2_17_s390x.manylinux2014_s390x.whl", hash = "sha256:9c75eff897786ee262c9f17a48886f4e98e6cfd335e011c591c305e5d083c056"},
    {url = "https://files.pythonhosted.org/packages/ad/5d/bc89d194bac1baafa4e98bade4d778d5b2918e4b9cc45284ec78c90b135c/watchfiles-0.19.0-cp37-abi3-win32.whl", hash = "sha256:176a9a7641ec2c97b24455135d58012a5be5c6217fc4d5fef0b2b9f75dbf5154"},
    {url = "https://files.pythonhosted.org/packages/b0/6a/a89df14975f21b41d199f745d016dd6cebce232cb7634d3cd441ca67a1eb/watchfiles-0.19.0-pp39-pypy39_pp73-macosx_11_0_arm64.whl", hash = "sha256:5471582658ea56fca122c0f0d0116a36807c63fefd6fdc92c71ca9a4491b6b48"},
    {url = "https://files.pythonhosted.org/packages/b1/95/5fa75076399195838c618e06418dbc4996613e3e57fbecd0c1d86764afbf/watchfiles-0.19.0-cp37-abi3-manylinux_2_17_armv7l.manylinux2014_armv7l.whl", hash = "sha256:09ea3397aecbc81c19ed7f025e051a7387feefdb789cf768ff994c1228182fda"},
    {url = "https://files.pythonhosted.org/packages/b2/da/be8664576654aa13312d5b9e854b9c6b7f759125119e5b69e6cdc74deffd/watchfiles-0.19.0-pp39-pypy39_pp73-manylinux_2_17_x86_64.manylinux2014_x86_64.whl", hash = "sha256:20b44221764955b1e703f012c74015306fb7e79a00c15370785f309b1ed9aa8d"},
    {url = "https://files.pythonhosted.org/packages/b3/17/d9453f774dd079fbe7d51565d58006f5059fc17c2fbcf952ef176fbb8657/watchfiles-0.19.0.tar.gz", hash = "sha256:d9b073073e048081e502b6c6b0b88714c026a1a4c890569238d04aca5f9ca74b"},
    {url = "https://files.pythonhosted.org/packages/f2/40/cd125248cd1bb1fd449d2439d9a1b599c9f6dc255645838ce0be96b28337/watchfiles-0.19.0-cp37-abi3-manylinux_2_17_x86_64.manylinux2014_x86_64.whl", hash = "sha256:cb5d45c4143c1dd60f98a16187fd123eda7248f84ef22244818c18d531a249d1"},
    {url = "https://files.pythonhosted.org/packages/fe/1d/3948e864ae4f4c87cd32d980aff9b7b8767f74e0d8ea0b70a07a86226087/watchfiles-0.19.0-cp37-abi3-win_amd64.whl", hash = "sha256:945be0baa3e2440151eb3718fd8846751e8b51d8de7b884c90b17d271d34cae8"},
]
